{
  "nodes": {
    "calcam": {
      "inputs": {
        "nixpkgs": "nixpkgs"
      },
      "locked": {
        "lastModified": 1771336525,
        "narHash": "sha256-Gha7EgbM39rgwcV0GCUjjKrwHIiGmWpNHYrEXcxDtn0=",
        "owner": "pixelifytica",
        "repo": "calcam.nix",
        "rev": "bb5c27dff541594aacc367c0a5a5ee22bee3e2c0",
        "type": "github"
      },
      "original": {
        "owner": "pixelifytica",
        "repo": "calcam.nix",
        "type": "github"
      }
    },
    "imas-nix": {
      "inputs": {
        "nixpkgs": "nixpkgs_2"
      },
      "locked": {
        "lastModified": 1771415296,
        "narHash": "sha256-Z6pb/DivDJD8nW9g2oUrvVPPNG+rh4ZnR/0wM+Rt8r4=",
        "ref": "refs/heads/main",
        "rev": "c53b468b58aa0d2a91328b71db83cccf5802c277",
        "shallow": true,
        "type": "git",
        "url": "ssh://git@git.ccfe.ac.uk/elitherl/imas.nix"
      },
      "original": {
        "shallow": true,
        "type": "git",
        "url": "ssh://git@git.ccfe.ac.uk/elitherl/imas.nix"
      }
    },
    "nixpkgs": {
      "locked": {
        "lastModified": 1769740369,
        "narHash": "sha256-xKPyJoMoXfXpDM5DFDZDsi9PHArf2k5BJjvReYXoFpM=",
        "owner": "NixOS",
        "repo": "nixpkgs",
        "rev": "6308c3b21396534d8aaeac46179c14c439a89b8a",
        "type": "github"
      },
      "original": {
        "id": "nixpkgs",
        "type": "indirect"
      }
    },
    "nixpkgs_2": {
      "locked": {
        "lastModified": 1768178648,
        "narHash": "sha256-kz/F6mhESPvU1diB7tOM3nLcBfQe7GU7GQCymRlTi/s=",
        "owner": "NixOS",
        "repo": "nixpkgs",
        "rev": "3fbab70c6e69c87ea2b6e48aa6629da2aa6a23b0",
        "type": "github"
      },
      "original": {
        "id": "nixpkgs",
        "type": "indirect"
      }
    },
    "nixpkgs_3": {
      "locked": {
        "lastModified": 1771177547,
        "narHash": "sha256-trTtk3WTOHz7hSw89xIIvahkgoFJYQ0G43IlqprFoMA=",
        "owner": "NixOS",
        "repo": "nixpkgs",
        "rev": "ac055f38c798b0d87695240c7b761b82fc7e5bc2",
        "type": "github"
      },
      "original": {
        "id": "nixpkgs",
        "type": "indirect"
      }
    },
    "root": {
      "inputs": {
        "calcam": "calcam",
        "imas-nix": "imas-nix",
        "sal": "sal"
      }
    },
    "sal": {
      "inputs": {
        "nixpkgs": "nixpkgs_3"
      },
      "locked": {
        "lastModified": 1771344956,
        "narHash": "sha256-8MWVa8IDkXS2LN8SBr2zNkDyPqCYgfYk+fXJy1QSYdY=",
        "owner": "pixelifytica",
        "repo": "simple-access-layer",
        "rev": "91c9257d9bebd193febb36e975738ca818151b86",
        "type": "github"
      },
      "original": {
        "owner": "pixelifytica",
        "repo": "simple-access-layer",
        "type": "github"
      }
    }
  },
  "root": "root",
  "version": 7
}
