{
  "nodes": {
    "calcam": {
      "inputs": {
        "nixpkgs": "nixpkgs"
      },
      "locked": {
        "lastModified": 1779901028,
        "narHash": "sha256-OLYaedZDILMXGQQ64cAbc8sgvNFQY4fLhXLWK6KLSqY=",
        "owner": "pixelifytica",
        "repo": "calcam.nix",
        "rev": "79997f1b0439c9258325e1d50713ad6597432fb2",
        "type": "github"
      },
      "original": {
        "owner": "pixelifytica",
        "repo": "calcam.nix",
        "type": "github"
      }
    },
    "imas-nix": {
      "inputs": {
        "nixpkgs": "nixpkgs_2"
      },
      "locked": {
        "lastModified": 1782216951,
        "narHash": "sha256-Dyksuv5E+ORnSDX0imnF0tfYWSkYPeVbfiAsl9VQG04=",
        "owner": "pixelifytica",
        "repo": "imas.nix",
        "rev": "2675080b154cc9c7fd088a533b53e4c1906731ad",
        "type": "github"
      },
      "original": {
        "owner": "pixelifytica",
        "repo": "imas.nix",
        "type": "github"
      }
    },
    "nixpkgs": {
      "locked": {
        "lastModified": 1769740369,
        "narHash": "sha256-xKPyJoMoXfXpDM5DFDZDsi9PHArf2k5BJjvReYXoFpM=",
        "owner": "NixOS",
        "repo": "nixpkgs",
        "rev": "6308c3b21396534d8aaeac46179c14c439a89b8a",
        "type": "github"
      },
      "original": {
        "id": "nixpkgs",
        "type": "indirect"
      }
    },
    "nixpkgs_2": {
      "locked": {
        "lastModified": 1781607440,
        "narHash": "sha256-rxO+uc/KFbSJp+pgyXRuAX6QlG9hJdnt0BXpEQRXY+U=",
        "owner": "NixOS",
        "repo": "nixpkgs",
        "rev": "3e41b24abd260e8f71dbe2f5737d24122f972158",
        "type": "github"
      },
      "original": {
        "id": "nixpkgs",
        "type": "indirect"
      }
    },
    "nixpkgs_3": {
      "locked": {
        "lastModified": 1771923393,
        "narHash": "sha256-Fy0+UXELv9hOE8WjYhJt8fMDLYTU2Dqn3cX4BwoGBos=",
        "owner": "NixOS",
        "repo": "nixpkgs",
        "rev": "ea7f1f06811ce7fcc81d6c6fd4213150c23edcf2",
        "type": "github"
      },
      "original": {
        "id": "nixpkgs",
        "type": "indirect"
      }
    },
    "root": {
      "inputs": {
        "calcam": "calcam",
        "imas-nix": "imas-nix",
        "sal": "sal"
      }
    },
    "sal": {
      "inputs": {
        "nixpkgs": "nixpkgs_3"
      },
      "locked": {
        "lastModified": 1772014520,
        "narHash": "sha256-wECaaqt5ixTTD6dkhN044oY56+VTo7MtpDtQ5ZVV9UE=",
        "owner": "pixelifytica",
        "repo": "simple-access-layer",
        "rev": "7b93406a7cdb3b883350d730615a6f55bb9253bf",
        "type": "github"
      },
      "original": {
        "owner": "pixelifytica",
        "repo": "simple-access-layer",
        "type": "github"
      }
    }
  },
  "root": "root",
  "version": 7
}
