{
  "nodes": {
    "calcam": {
      "inputs": {
        "nixpkgs": "nixpkgs"
      },
      "locked": {
        "lastModified": 1771336525,
        "narHash": "sha256-Gha7EgbM39rgwcV0GCUjjKrwHIiGmWpNHYrEXcxDtn0=",
        "owner": "pixelifytica",
        "repo": "calcam.nix",
        "rev": "bb5c27dff541594aacc367c0a5a5ee22bee3e2c0",
        "type": "github"
      },
      "original": {
        "owner": "pixelifytica",
        "repo": "calcam.nix",
        "type": "github"
      }
    },
    "imas-nix": {
      "inputs": {
        "nixpkgs": "nixpkgs_2"
      },
      "locked": {
        "lastModified": 1771420852,
        "narHash": "sha256-/RCrR8n5q3iAb3MV1zP+pwGopn8zrc3gP6LnLNL0R/Y=",
        "owner": "pixelifytica",
        "repo": "imas.nix",
        "rev": "69e12736894d5d37ae13142aca37743a89585169",
        "type": "github"
      },
      "original": {
        "owner": "pixelifytica",
        "repo": "imas.nix",
        "type": "github"
      }
    },
    "nixpkgs": {
      "locked": {
        "lastModified": 1769740369,
        "narHash": "sha256-xKPyJoMoXfXpDM5DFDZDsi9PHArf2k5BJjvReYXoFpM=",
        "owner": "NixOS",
        "repo": "nixpkgs",
        "rev": "6308c3b21396534d8aaeac46179c14c439a89b8a",
        "type": "github"
      },
      "original": {
        "id": "nixpkgs",
        "type": "indirect"
      }
    },
    "nixpkgs_2": {
      "locked": {
        "lastModified": 1768178648,
        "narHash": "sha256-kz/F6mhESPvU1diB7tOM3nLcBfQe7GU7GQCymRlTi/s=",
        "owner": "NixOS",
        "repo": "nixpkgs",
        "rev": "3fbab70c6e69c87ea2b6e48aa6629da2aa6a23b0",
        "type": "github"
      },
      "original": {
        "id": "nixpkgs",
        "type": "indirect"
      }
    },
    "nixpkgs_3": {
      "locked": {
        "lastModified": 1771923393,
        "narHash": "sha256-Fy0+UXELv9hOE8WjYhJt8fMDLYTU2Dqn3cX4BwoGBos=",
        "owner": "NixOS",
        "repo": "nixpkgs",
        "rev": "ea7f1f06811ce7fcc81d6c6fd4213150c23edcf2",
        "type": "github"
      },
      "original": {
        "id": "nixpkgs",
        "type": "indirect"
      }
    },
    "root": {
      "inputs": {
        "calcam": "calcam",
        "imas-nix": "imas-nix",
        "sal": "sal"
      }
    },
    "sal": {
      "inputs": {
        "nixpkgs": "nixpkgs_3"
      },
      "locked": {
        "lastModified": 1772014520,
        "narHash": "sha256-wECaaqt5ixTTD6dkhN044oY56+VTo7MtpDtQ5ZVV9UE=",
        "owner": "pixelifytica",
        "repo": "simple-access-layer",
        "rev": "7b93406a7cdb3b883350d730615a6f55bb9253bf",
        "type": "github"
      },
      "original": {
        "owner": "pixelifytica",
        "repo": "simple-access-layer",
        "type": "github"
      }
    }
  },
  "root": "root",
  "version": 7
}
